// !$*UTF8*$!
{
	archiveVersion = 1;
	classes = {
	};
	objectVersion = 46;
	objects = {

/* Begin PBXBuildFile section */
		8FD9D84C1A762F14006B7C83 /* main.m in Sources */ = {isa = PBXBuildFile; fileRef = 8FD9D84B1A762F14006B7C83 /* main.m */; };
		8FD9D84F1A762F14006B7C83 /* AppDelegate.m in Sources */ = {isa = PBXBuildFile; fileRef = 8FD9D84E1A762F14006B7C83 /* AppDelegate.m */; };
		8FD9D8521A762F14006B7C83 /* ViewController.m in Sources */ = {isa = PBXBuildFile; fileRef = 8FD9D8511A762F14006B7C83 /* ViewController.m */; };
		8FD9D8551A762F14006B7C83 /* Main.storyboard in Resources */ = {isa = PBXBuildFile; fileRef = 8FD9D8531A762F14006B7C83 /* Main.storyboard */; };
		8FD9D8571A762F14006B7C83 /* Images.xcassets in Resources */ = {isa = PBXBuildFile; fileRef = 8FD9D8561A762F14006B7C83 /* Images.xcassets */; };
		8FD9D85A1A762F14006B7C83 /* LaunchScreen.xib in Resources */ = {isa = PBXBuildFile; fileRef = 8FD9D8581A762F14006B7C83 /* LaunchScreen.xib */; };
		8FD9D8661A762F14006B7C83 /* Labb2Tests.m in Sources */ = {isa = PBXBuildFile; fileRef = 8FD9D8651A762F14006B7C83 /* Labb2Tests.m */; };
		8FD9D8AD1A777F3C006B7C83 /* JLIStoryGenerator.m in Sources */ = {isa = PBXBuildFile; fileRef = 8FD9D8AC1A777F3C006B7C83 /* JLIStoryGenerator.m */; };
		8FD9D8B01A7780A8006B7C83 /* JLIStoryData.m in Sources */ = {isa = PBXBuildFile; fileRef = 8FD9D8AF1A7780A8006B7C83 /* JLIStoryData.m */; };
/* End PBXBuildFile section */

/* Begin PBXContainerItemProxy section */
		8FD9D8601A762F14006B7C83 /* PBXContainerItemProxy */ = {
			isa = PBXContainerItemProxy;
			containerPortal = 8FD9D83E1A762F14006B7C83 /* Project object */;
			proxyType = 1;
			remoteGlobalIDString = 8FD9D8451A762F14006B7C83;
			remoteInfo = Labb2;
		};
/* End PBXContainerItemProxy section */

/* Begin PBXFileReference section */
		8FD9D8461A762F14006B7C83 /* Labb2.app */ = {isa = PBXFileReference; explicitFileType = wrapper.application; includeInIndex = 0; path = Labb2.app; sourceTree = BUILT_PRODUCTS_DIR; };
		8FD9D84A1A762F14006B7C83 /* Info.plist */ = {isa = PBXFileReference; lastKnownFileType = text.plist.xml; path = Info.plist; sourceTree = "<group>"; };
		8FD9D84B1A762F14006B7C83 /* main.m */ = {isa = PBXFileReference; lastKnownFileType = sourcecode.c.objc; path = main.m; sourceTree = "<group>"; };
		8FD9D84D1A762F14006B7C83 /* AppDelegate.h */ = {isa = PBXFileReference; lastKnownFileType = sourcecode.c.h; path = AppDelegate.h; sourceTree = "<group>"; };
		8FD9D84E1A762F14006B7C83 /* AppDelegate.m */ = {isa = PBXFileReference; lastKnownFileType = sourcecode.c.objc; path = AppDelegate.m; sourceTree = "<group>"; };
		8FD9D8501A762F14006B7C83 /* ViewController.h */ = {isa = PBXFileReference; lastKnownFileType = sourcecode.c.h; path = ViewController.h; sourceTree = "<group>"; };
		8FD9D8511A762F14006B7C83 /* ViewController.m */ = {isa = PBXFileReference; lastKnownFileType = sourcecode.c.objc; path = ViewController.m; sourceTree = "<group>"; };
		8FD9D8541A762F14006B7C83 /* Base */ = {isa = PBXFileReference; lastKnownFileType = file.storyboard; name = Base; path = Base.lproj/Main.storyboard; sourceTree = "<group>"; };
		8FD9D8561A762F14006B7C83 /* Images.xcassets */ = {isa = PBXFileReference; lastKnownFileType = folder.assetcatalog; path = Images.xcassets; sourceTree = "<group>"; };
		8FD9D8591A762F14006B7C83 /* Base */ = {isa = PBXFileReference; lastKnownFileType = file.xib; name = Base; path = Base.lproj/LaunchScreen.xib; sourceTree = "<group>"; };
		8FD9D85F1A762F14006B7C83 /* Labb2Tests.xctest */ = {isa = PBXFileReference; explicitFileType = wrapper.cfbundle; includeInIndex = 0; path = Labb2Tests.xctest; sourceTree = BUILT_PRODUCTS_DIR; };
		8FD9D8641A762F14006B7C83 /* Info.plist */ = {isa = PBXFileReference; lastKnownFileType = text.plist.xml; path = Info.plist; sourceTree = "<group>"; };
		8FD9D8651A762F14006B7C83 /* Labb2Tests.m */ = {isa = PBXFileReference; lastKnownFileType = sourcecode.c.objc; path = Labb2Tests.m; sourceTree = "<group>"; };
		8FD9D8AB1A777F3C006B7C83 /* JLIStoryGenerator.h */ = {isa = PBXFileReference; fileEncoding = 4; lastKnownFileType = sourcecode.c.h; path = JLIStoryGenerator.h; sourceTree = "<group>"; };
		8FD9D8AC1A777F3C006B7C83 /* JLIStoryGenerator.m */ = {isa = PBXFileReference; fileEncoding = 4; lastKnownFileType = sourcecode.c.objc; path = JLIStoryGenerator.m; sourceTree = "<group>"; };
		8FD9D8AE1A7780A8006B7C83 /* JLIStoryData.h */ = {isa = PBXFileReference; fileEncoding = 4; lastKnownFileType = sourcecode.c.h; path = JLIStoryData.h; sourceTree = "<group>"; };
		8FD9D8AF1A7780A8006B7C83 /* JLIStoryData.m */ = {isa = PBXFileReference; fileEncoding = 4; lastKnownFileType = sourcecode.c.objc; path = JLIStoryData.m; sourceTree = "<group>"; };
/* End PBXFileReference section */

/* Begin PBXFrameworksBuildPhase section */
		8FD9D8431A762F14006B7C83 /* Frameworks */ = {
			isa = PBXFrameworksBuildPhase;
			buildActionMask = 2147483647;
			files = (
			);
			runOnlyForDeploymentPostprocessing = 0;
		};
		8FD9D85C1A762F14006B7C83 /* Frameworks */ = {
			isa = PBXFrameworksBuildPhase;
			buildActionMask = 2147483647;
			files = (
			);
			runOnlyForDeploymentPostprocessing = 0;
		};
/* End PBXFrameworksBuildPhase section */

/* Begin PBXGroup section */
		8FD9D83D1A762F14006B7C83 = {
			isa = PBXGroup;
			children = (
				8FD9D8481A762F14006B7C83 /* Labb2 */,
				8FD9D8621A762F14006B7C83 /* Labb2Tests */,
				8FD9D8471A762F14006B7C83 /* Products */,
			);
			sourceTree = "<group>";
		};
		8FD9D8471A762F14006B7C83 /* Products */ = {
			isa = PBXGroup;
			children = (
				8FD9D8461A762F14006B7C83 /* Labb2.app */,
				8FD9D85F1A762F14006B7C83 /* Labb2Tests.xctest */,
			);
			name = Products;
			sourceTree = "<group>";
		};
		8FD9D8481A762F14006B7C83 /* Labb2 */ = {
			isa = PBXGroup;
			children = (
				8FD9D8AA1A777EF1006B7C83 /* Model */,
				8FD9D8501A762F14006B7C83 /* ViewController.h */,
				8FD9D8511A762F14006B7C83 /* ViewController.m */,
				8FD9D8531A762F14006B7C83 /* Main.storyboard */,
				8FD9D8561A762F14006B7C83 /* Images.xcassets */,
				8FD9D8581A762F14006B7C83 /* LaunchScreen.xib */,
				8FD9D8491A762F14006B7C83 /* Supporting Files */,
			);
			path = Labb2;
			sourceTree = "<group>";
		};
		8FD9D8491A762F14006B7C83 /* Supporting Files */ = {
			isa = PBXGroup;
			children = (
				8FD9D84D1A762F14006B7C83 /* AppDelegate.h */,
				8FD9D84E1A762F14006B7C83 /* AppDelegate.m */,
				8FD9D84A1A762F14006B7C83 /* Info.plist */,
				8FD9D84B1A762F14006B7C83 /* main.m */,
			);
			name = "Supporting Files";
			sourceTree = "<group>";
		};
		8FD9D8621A762F14006B7C83 /* Labb2Tests */ = {
			isa = PBXGroup;
			children = (
				8FD9D8651A762F14006B7C83 /* Labb2Tests.m */,
				8FD9D8631A762F14006B7C83 /* Supporting Files */,
			);
			path = Labb2Tests;
			sourceTree = "<group>";
		};
		8FD9D8631A762F14006B7C83 /* Supporting Files */ = {
			isa = PBXGroup;
			children = (
				8FD9D8641A762F14006B7C83 /* Info.plist */,
			);
			name = "Supporting Files";
			sourceTree = "<group>";
		};
		8FD9D8AA1A777EF1006B7C83 /* Model */ = {
			isa = PBXGroup;
			children = (
				8FD9D8AB1A777F3C006B7C83 /* JLIStoryGenerator.h */,
				8FD9D8AC1A777F3C006B7C83 /* JLIStoryGenerator.m */,
				8FD9D8AE1A7780A8006B7C83 /* JLIStoryData.h */,
				8FD9D8AF1A7780A8006B7C83 /* JLIStoryData.m */,
			);
			name = Model;
			sourceTree = "<group>";
		};
/* End PBXGroup section */

/* Begin PBXNativeTarget section */
		8FD9D8451A762F14006B7C83 /* Labb2 */ = {
			isa = PBXNativeTarget;
			buildConfigurationList = 8FD9D8691A762F14006B7C83 /* Build configuration list for PBXNativeTarget "Labb2" */;
			buildPhases = (
				8FD9D8421A762F14006B7C83 /* Sources */,
				8FD9D8431A762F14006B7C83 /* Frameworks */,
				8FD9D8441A762F14006B7C83 /* Resources */,
			);
			buildRules = (
			);
			dependencies = (
			);
			name = Labb2;
			productName = Labb2;
			productReference = 8FD9D8461A762F14006B7C83 /* Labb2.app */;
			productType = "com.apple.product-type.application";
		};
		8FD9D85E1A762F14006B7C83 /* Labb2Tests */ = {
			isa = PBXNativeTarget;
			buildConfigurationList = 8FD9D86C1A762F14006B7C83 /* Build configuration list for PBXNativeTarget "Labb2Tests" */;
			buildPhases = (
				8FD9D85B1A762F14006B7C83 /* Sources */,
				8FD9D85C1A762F14006B7C83 /* Frameworks */,
				8FD9D85D1A762F14006B7C83 /* Resources */,
			);
			buildRules = (
			);
			dependencies = (
				8FD9D8611A762F14006B7C83 /* PBXTargetDependency */,
			);
			name = Labb2Tests;
			productName = Labb2Tests;
			productReference = 8FD9D85F1A762F14006B7C83 /* Labb2Tests.xctest */;
			productType = "com.apple.product-type.bundle.unit-test";
		};
/* End PBXNativeTarget section */

/* Begin PBXProject section */
		8FD9D83E1A762F14006B7C83 /* Project object */ = {
			isa = PBXProject;
			attributes = {
				LastUpgradeCheck = 0610;
				ORGANIZATIONNAME = Johannes;
				TargetAttributes = {
					8FD9D8451A762F14006B7C83 = {
						CreatedOnToolsVersion = 6.1.1;
					};
					8FD9D85E1A762F14006B7C83 = {
						CreatedOnToolsVersion = 6.1.1;
						TestTargetID = 8FD9D8451A762F14006B7C83;
					};
				};
			};
			buildConfigurationList = 8FD9D8411A762F14006B7C83 /* Build configuration list for PBXProject "Labb2" */;
			compatibilityVersion = "Xcode 3.2";
			developmentRegion = English;
			hasScannedForEncodings = 0;
			knownRegions = (
				en,
				Base,
			);
			mainGroup = 8FD9D83D1A762F14006B7C83;
			productRefGroup = 8FD9D8471A762F14006B7C83 /* Products */;
			projectDirPath = "";
			projectRoot = "";
			targets = (
				8FD9D8451A762F14006B7C83 /* Labb2 */,
				8FD9D85E1A762F14006B7C83 /* Labb2Tests */,
			);
		};
/* End PBXProject section */

/* Begin PBXResourcesBuildPhase section */
		8FD9D8441A762F14006B7C83 /* Resources */ = {
			isa = PBXResourcesBuildPhase;
			buildActionMask = 2147483647;
			files = (
				8FD9D8551A762F14006B7C83 /* Main.storyboard in Resources */,
				8FD9D85A1A762F14006B7C83 /* LaunchScreen.xib in Resources */,
				8FD9D8571A762F14006B7C83 /* Images.xcassets in Resources */,
			);
			runOnlyForDeploymentPostprocessing = 0;
		};
		8FD9D85D1A762F14006B7C83 /* Resources */ = {
			isa = PBXResourcesBuildPhase;
			buildActionMask = 2147483647;
			files = (
			);
			runOnlyForDeploymentPostprocessing = 0;
		};
/* End PBXResourcesBuildPhase section */

/* Begin PBXSourcesBuildPhase section */
		8FD9D8421A762F14006B7C83 /* Sources */ = {
			isa = PBXSourcesBuildPhase;
			buildActionMask = 2147483647;
			files = (
				8FD9D8521A762F14006B7C83 /* ViewController.m in Sources */,
				8FD9D84F1A762F14006B7C83 /* AppDelegate.m in Sources */,
				8FD9D84C1A762F14006B7C83 /* main.m in Sources */,
				8FD9D8B01A7780A8006B7C83 /* JLIStoryData.m in Sources */,
				8FD9D8AD1A777F3C006B7C83 /* JLIStoryGenerator.m in Sources */,
			);
			runOnlyForDeploymentPostprocessing = 0;
		};
		8FD9D85B1A762F14006B7C83 /* Sources */ = {
			isa = PBXSourcesBuildPhase;
			buildActionMask = 2147483647;
			files = (
				8FD9D8661A762F14006B7C83 /* Labb2Tests.m in Sources */,
			);
			runOnlyForDeploymentPostprocessing = 0;
		};
/* End PBXSourcesBuildPhase section */

/* Begin PBXTargetDependency section */
		8FD9D8611A762F14006B7C83 /* PBXTargetDependency */ = {
			isa = PBXTargetDependency;
			target = 8FD9D8451A762F14006B7C83 /* Labb2 */;
			targetProxy = 8FD9D8601A762F14006B7C83 /* PBXContainerItemProxy */;
		};
/* End PBXTargetDependency section */

/* Begin PBXVariantGroup section */
		8FD9D8531A762F14006B7C83 /* Main.storyboard */ = {
			isa = PBXVariantGroup;
			children = (
				8FD9D8541A762F14006B7C83 /* Base */,
			);
			name = Main.storyboard;
			sourceTree = "<group>";
		};
		8FD9D8581A762F14006B7C83 /* LaunchScreen.xib */ = {
			isa = PBXVariantGroup;
			children = (
				8FD9D8591A762F14006B7C83 /* Base */,
			);
			name = LaunchScreen.xib;
			sourceTree = "<group>";
		};
/* End PBXVariantGroup section */

/* Begin XCBuildConfiguration section */
		8FD9D8671A762F14006B7C83 /* Debug */ = {
			isa = XCBuildConfiguration;
			buildSettings = {
				ALWAYS_SEARCH_USER_PATHS = NO;
				CLANG_CXX_LANGUAGE_STANDARD = "gnu++0x";
				CLANG_CXX_LIBRARY = "libc++";
				CLANG_ENABLE_MODULES = YES;
				CLANG_ENABLE_OBJC_ARC = YES;
				CLANG_WARN_BOOL_CONVERSION = YES;
				CLANG_WARN_CONSTANT_CONVERSION = YES;
				CLANG_WARN_DIRECT_OBJC_ISA_USAGE = YES_ERROR;
				CLANG_WARN_EMPTY_BODY = YES;
				CLANG_WARN_ENUM_CONVERSION = YES;
				CLANG_WARN_INT_CONVERSION = YES;
				CLANG_WARN_OBJC_ROOT_CLASS = YES_ERROR;
				CLANG_WARN_UNREACHABLE_CODE = YES;
				CLANG_WARN__DUPLICATE_METHOD_MATCH = YES;
				"CODE_SIGN_IDENTITY[sdk=iphoneos*]" = "iPhone Developer";
				COPY_PHASE_STRIP = NO;
				ENABLE_STRICT_OBJC_MSGSEND = YES;
				GCC_C_LANGUAGE_STANDARD = gnu99;
				GCC_DYNAMIC_NO_PIC = NO;
				GCC_OPTIMIZATION_LEVEL = 0;
				GCC_PREPROCESSOR_DEFINITIONS = (
					"DEBUG=1",
					"$(inherited)",
				);
				GCC_SYMBOLS_PRIVATE_EXTERN = NO;
				GCC_WARN_64_TO_32_BIT_CONVERSION = YES;
				GCC_WARN_ABOUT_RETURN_TYPE = YES_ERROR;
				GCC_WARN_UNDECLARED_SELECTOR = YES;
				GCC_WARN_UNINITIALIZED_AUTOS = YES_AGGRESSIVE;
				GCC_WARN_UNUSED_FUNCTION = YES;
				GCC_WARN_UNUSED_VARIABLE = YES;
				IPHONEOS_DEPLOYMENT_TARGET = 8.1;
				MTL_ENABLE_DEBUG_INFO = YES;
				ONLY_ACTIVE_ARCH = YES;
				SDKROOT = iphoneos;
			};
			name = Debug;
		};
		8FD9D8681A762F14006B7C83 /* Release */ = {
			isa = XCBuildConfiguration;
			buildSettings = {
				ALWAYS_SEARCH_USER_PATHS = NO;
				CLANG_CXX_LANGUAGE_STANDARD = "gnu++0x";
				CLANG_CXX_LIBRARY = "libc++";
				CLANG_ENABLE_MODULES = YES;
				CLANG_ENABLE_OBJC_ARC = YES;
				CLANG_WARN_BOOL_CONVERSION = YES;
				CLANG_WARN_CONSTANT_CONVERSION = YES;
				CLANG_WARN_DIRECT_OBJC_ISA_USAGE = YES_ERROR;
				CLANG_WARN_EMPTY_BODY = YES;
				CLANG_WARN_ENUM_CONVERSION = YES;
				CLANG_WARN_INT_CONVERSION = YES;
				CLANG_WARN_OBJC_ROOT_CLASS = YES_ERROR;
				CLANG_WARN_UNREACHABLE_CODE = YES;
				CLANG_WARN__DUPLICATE_METHOD_MATCH = YES;
				"CODE_SIGN_IDENTITY[sdk=iphoneos*]" = "iPhone Developer";
				COPY_PHASE_STRIP = YES;
				ENABLE_NS_ASSERTIONS = NO;
				ENABLE_STRICT_OBJC_MSGSEND = YES;
				GCC_C_LANGUAGE_STANDARD = gnu99;
				GCC_WARN_64_TO_32_BIT_CONVERSION = YES;
				GCC_WARN_ABOUT_RETURN_TYPE = YES_ERROR;
				GCC_WARN_UNDECLARED_SELECTOR = YES;
				GCC_WARN_UNINITIALIZED_AUTOS = YES_AGGRESSIVE;
				GCC_WARN_UNUSED_FUNCTION = YES;
				GCC_WARN_UNUSED_VARIABLE = YES;
				IPHONEOS_DEPLOYMENT_TARGET = 8.1;
				MTL_ENABLE_DEBUG_INFO = NO;
				SDKROOT = iphoneos;
				VALIDATE_PRODUCT = YES;
			};
			name = Release;
		};
		8FD9D86A1A762F14006B7C83 /* Debug */ = {
			isa = XCBuildConfiguration;
			buildSettings = {
				ASSETCATALOG_COMPILER_APPICON_NAME = AppIcon;
				INFOPLIST_FILE = Labb2/Info.plist;
				LD_RUNPATH_SEARCH_PATHS = "$(inherited) @executable_path/Frameworks";
				PRODUCT_NAME = "$(TARGET_NAME)";
			};
			name = Debug;
		};
		8FD9D86B1A762F14006B7C83 /* Release */ = {
			isa = XCBuildConfiguration;
			buildSettings = {
				ASSETCATALOG_COMPILER_APPICON_NAME = AppIcon;
				INFOPLIST_FILE = Labb2/Info.plist;
				LD_RUNPATH_SEARCH_PATHS = "$(inherited) @executable_path/Frameworks";
				PRODUCT_NAME = "$(TARGET_NAME)";
			};
			name = Release;
		};
		8FD9D86D1A762F14006B7C83 /* Debug */ = {
			isa = XCBuildConfiguration;
			buildSettings = {
				BUNDLE_LOADER = "$(TEST_HOST)";
				FRAMEWORK_SEARCH_PATHS = (
					"$(SDKROOT)/Developer/Library/Frameworks",
					"$(inherited)",
				);
				GCC_PREPROCESSOR_DEFINITIONS = (
					"DEBUG=1",
					"$(inherited)",
				);
				INFOPLIST_FILE = Labb2Tests/Info.plist;
				LD_RUNPATH_SEARCH_PATHS = "$(inherited) @executable_path/Frameworks @loader_path/Frameworks";
				PRODUCT_NAME = "$(TARGET_NAME)";
				TEST_HOST = "$(BUILT_PRODUCTS_DIR)/Labb2.app/Labb2";
			};
			name = Debug;
		};
		8FD9D86E1A762F14006B7C83 /* Release */ = {
			isa = XCBuildConfiguration;
			buildSettings = {
				BUNDLE_LOADER = "$(TEST_HOST)";
				FRAMEWORK_SEARCH_PATHS = (
					"$(SDKROOT)/Developer/Library/Frameworks",
					"$(inherited)",
				);
				INFOPLIST_FILE = Labb2Tests/Info.plist;
				LD_RUNPATH_SEARCH_PATHS = "$(inherited) @executable_path/Frameworks @loader_path/Frameworks";
				PRODUCT_NAME = "$(TARGET_NAME)";
				TEST_HOST = "$(BUILT_PRODUCTS_DIR)/Labb2.app/Labb2";
			};
			name = Release;
		};
/* End XCBuildConfiguration section */

/* Begin XCConfigurationList section */
		8FD9D8411A762F14006B7C83 /* Build configuration list for PBXProject "Labb2" */ = {
			isa = XCConfigurationList;
			buildConfigurations = (
				8FD9D8671A762F14006B7C83 /* Debug */,
				8FD9D8681A762F14006B7C83 /* Release */,
			);
			defaultConfigurationIsVisible = 0;
			defaultConfigurationName = Release;
		};
		8FD9D8691A762F14006B7C83 /* Build configuration list for PBXNativeTarget "Labb2" */ = {
			isa = XCConfigurationList;
			buildConfigurations = (
				8FD9D86A1A762F14006B7C83 /* Debug */,
				8FD9D86B1A762F14006B7C83 /* Release */,
			);
			defaultConfigurationIsVisible = 0;
		};
		8FD9D86C1A762F14006B7C83 /* Build configuration list for PBXNativeTarget "Labb2Tests" */ = {
			isa = XCConfigurationList;
			buildConfigurations = (
				8FD9D86D1A762F14006B7C83 /* Debug */,
				8FD9D86E1A762F14006B7C83 /* Release */,
			);
			defaultConfigurationIsVisible = 0;
		};
/* End XCConfigurationList section */
	};
	rootObject = 8FD9D83E1A762F14006B7C83 /* Project object */;
}
